
Microsoft Visual Studio Solution File, Format Version 12.00
# Visual Studio Version 16
VisualStudioVersion = 16.0.31624.102
MinimumVisualStudioVersion = 10.0.40219.1
Project("{9A19103F-16F7-4668-BE54-9A1E7A4F7556}") = "Interfaces", "Interfaces\Interfaces.csproj", "{26C8CD27-20D2-4534-9BC9-964B85DA77B9}"
EndProject
Project("{9A19103F-16F7-4668-BE54-9A1E7A4F7556}") = "BasicClass", "BasicClass\BasicClass.csproj", "{A9644C72-1F8C-4811-B359-3FDDD8DC1AEF}"
EndProject
Project("{9A19103F-16F7-4668-BE54-9A1E7A4F7556}") = "Indexers", "Indexers\Indexers.csproj", "{C7743524-EABA-449B-BAF6-7A0281F41458}"
EndProject
Project("{9A19103F-16F7-4668-BE54-9A1E7A4F7556}") = "Delegates", "Delegates\Delegates.csproj", "{230C0D27-6159-4BE4-8267-6C7C32C353B6}"
EndProject
Project("{9A19103F-16F7-4668-BE54-9A1E7A4F7556}") = "Inheritance", "Inheritance\Inheritance.csproj", "{D266310B-39E4-46CB-9DF3-922DD12EB717}"
EndProject
Project("{9A19103F-16F7-4668-BE54-9A1E7A4F7556}") = "Events", "Events\Events.csproj", "{FFEB3327-9C2B-4FE1-AAB4-06D4EC8BE139}"
EndProject
Project("{9A19103F-16F7-4668-BE54-9A1E7A4F7556}") = "LambdaExpression", "LambdaExpression\LambdaExpression.csproj", "{9094BB09-E826-4D7D-A9D9-B16AE04FF483}"
EndProject
Project("{9A19103F-16F7-4668-BE54-9A1E7A4F7556}") = "ExtensionMethod", "ExtensionMethod\ExtensionMethod.csproj", "{A9695E33-08AB-40DF-B408-C90281CDB332}"
EndProject
Project("{9A19103F-16F7-4668-BE54-9A1E7A4F7556}") = "AbstractClass", "AbstractClass\AbstractClass.csproj", "{782D8F1B-C155-449E-97E5-59AF9CAD4F6E}"
EndProject
Global
	GlobalSection(SolutionConfigurationPlatforms) = preSolution
		Debug|Any CPU = Debug|Any CPU
		Release|Any CPU = Release|Any CPU
	EndGlobalSection
	GlobalSection(ProjectConfigurationPlatforms) = postSolution
		{26C8CD27-20D2-4534-9BC9-964B85DA77B9}.Debug|Any CPU.ActiveCfg = Debug|Any CPU
		{26C8CD27-20D2-4534-9BC9-964B85DA77B9}.Debug|Any CPU.Build.0 = Debug|Any CPU
		{26C8CD27-20D2-4534-9BC9-964B85DA77B9}.Release|Any CPU.ActiveCfg = Release|Any CPU
		{26C8CD27-20D2-4534-9BC9-964B85DA77B9}.Release|Any CPU.Build.0 = Release|Any CPU
		{A9644C72-1F8C-4811-B359-3FDDD8DC1AEF}.Debug|Any CPU.ActiveCfg = Debug|Any CPU
		{A9644C72-1F8C-4811-B359-3FDDD8DC1AEF}.Debug|Any CPU.Build.0 = Debug|Any CPU
		{A9644C72-1F8C-4811-B359-3FDDD8DC1AEF}.Release|Any CPU.ActiveCfg = Release|Any CPU
		{A9644C72-1F8C-4811-B359-3FDDD8DC1AEF}.Release|Any CPU.Build.0 = Release|Any CPU
		{C7743524-EABA-449B-BAF6-7A0281F41458}.Debug|Any CPU.ActiveCfg = Debug|Any CPU
		{C7743524-EABA-449B-BAF6-7A0281F41458}.Debug|Any CPU.Build.0 = Debug|Any CPU
		{C7743524-EABA-449B-BAF6-7A0281F41458}.Release|Any CPU.ActiveCfg = Release|Any CPU
		{C7743524-EABA-449B-BAF6-7A0281F41458}.Release|Any CPU.Build.0 = Release|Any CPU
		{230C0D27-6159-4BE4-8267-6C7C32C353B6}.Debug|Any CPU.ActiveCfg = Debug|Any CPU
		{230C0D27-6159-4BE4-8267-6C7C32C353B6}.Debug|Any CPU.Build.0 = Debug|Any CPU
		{230C0D27-6159-4BE4-8267-6C7C32C353B6}.Release|Any CPU.ActiveCfg = Release|Any CPU
		{230C0D27-6159-4BE4-8267-6C7C32C353B6}.Release|Any CPU.Build.0 = Release|Any CPU
		{D266310B-39E4-46CB-9DF3-922DD12EB717}.Debug|Any CPU.ActiveCfg = Debug|Any CPU
		{D266310B-39E4-46CB-9DF3-922DD12EB717}.Debug|Any CPU.Build.0 = Debug|Any CPU
		{D266310B-39E4-46CB-9DF3-922DD12EB717}.Release|Any CPU.ActiveCfg = Release|Any CPU
		{D266310B-39E4-46CB-9DF3-922DD12EB717}.Release|Any CPU.Build.0 = Release|Any CPU
		{FFEB3327-9C2B-4FE1-AAB4-06D4EC8BE139}.Debug|Any CPU.ActiveCfg = Debug|Any CPU
		{FFEB3327-9C2B-4FE1-AAB4-06D4EC8BE139}.Debug|Any CPU.Build.0 = Debug|Any CPU
		{FFEB3327-9C2B-4FE1-AAB4-06D4EC8BE139}.Release|Any CPU.ActiveCfg = Release|Any CPU
		{FFEB3327-9C2B-4FE1-AAB4-06D4EC8BE139}.Release|Any CPU.Build.0 = Release|Any CPU
		{9094BB09-E826-4D7D-A9D9-B16AE04FF483}.Debug|Any CPU.ActiveCfg = Debug|Any CPU
		{9094BB09-E826-4D7D-A9D9-B16AE04FF483}.Debug|Any CPU.Build.0 = Debug|Any CPU
		{9094BB09-E826-4D7D-A9D9-B16AE04FF483}.Release|Any CPU.ActiveCfg = Release|Any CPU
		{9094BB09-E826-4D7D-A9D9-B16AE04FF483}.Release|Any CPU.Build.0 = Release|Any CPU
		{A9695E33-08AB-40DF-B408-C90281CDB332}.Debug|Any CPU.ActiveCfg = Debug|Any CPU
		{A9695E33-08AB-40DF-B408-C90281CDB332}.Debug|Any CPU.Build.0 = Debug|Any CPU
		{A9695E33-08AB-40DF-B408-C90281CDB332}.Release|Any CPU.ActiveCfg = Release|Any CPU
		{A9695E33-08AB-40DF-B408-C90281CDB332}.Release|Any CPU.Build.0 = Release|Any CPU
		{782D8F1B-C155-449E-97E5-59AF9CAD4F6E}.Debug|Any CPU.ActiveCfg = Debug|Any CPU
		{782D8F1B-C155-449E-97E5-59AF9CAD4F6E}.Debug|Any CPU.Build.0 = Debug|Any CPU
		{782D8F1B-C155-449E-97E5-59AF9CAD4F6E}.Release|Any CPU.ActiveCfg = Release|Any CPU
		{782D8F1B-C155-449E-97E5-59AF9CAD4F6E}.Release|Any CPU.Build.0 = Release|Any CPU
	EndGlobalSection
	GlobalSection(SolutionProperties) = preSolution
		HideSolutionNode = FALSE
	EndGlobalSection
	GlobalSection(ExtensibilityGlobals) = postSolution
		SolutionGuid = {0B5A0369-8F6E-4B25-9876-ADE95E86D1BC}
	EndGlobalSection
EndGlobal
